
Microsoft Visual Studio Solution File, Format Version 12.00
# Visual Studio Version 16
VisualStudioVersion = 16.0.32228.343
MinimumVisualStudioVersion = 10.0.40219.1
Project("{FAE04EC0-301F-11D3-BF4B-00C04F79EFBC}") = "customersApi", "customersApi\customersApi.csproj", "{1D617023-C62E-433B-A06E-60ED55357AEA}"
EndProject
Global
	GlobalSection(SolutionConfigurationPlatforms) = preSolution
		Debug|Any CPU = Debug|Any CPU
		Release|Any CPU = Release|Any CPU
	EndGlobalSection
	GlobalSection(ProjectConfigurationPlatforms) = postSolution
		{1D617023-C62E-433B-A06E-60ED55357AEA}.Debug|Any CPU.ActiveCfg = Debug|Any CPU
		{1D617023-C62E-433B-A06E-60ED55357AEA}.Debug|Any CPU.Build.0 = Debug|Any CPU
		{1D617023-C62E-433B-A06E-60ED55357AEA}.Release|Any CPU.ActiveCfg = Release|Any CPU
		{1D617023-C62E-433B-A06E-60ED55357AEA}.Release|Any CPU.Build.0 = Release|Any CPU
	EndGlobalSection
	GlobalSection(SolutionProperties) = preSolution
		HideSolutionNode = FALSE
	EndGlobalSection
	GlobalSection(ExtensibilityGlobals) = postSolution
		SolutionGuid = {4DD35C10-13E5-4B07-8E3B-510651F2E325}
	EndGlobalSection
EndGlobal
